// !$*UTF8*$!
{
	archiveVersion = 1;
	classes = {
	};
	objectVersion = 46;
	objects = {

/* Begin PBXBuildFile section */
		465FF6131A9F8A9F00257B3D /* CalculatorBrain.swift in Sources */ = {isa = PBXBuildFile; fileRef = 465FF6121A9F8A9F00257B3D /* CalculatorBrain.swift */; };
		46D12D311A883420003C8E8F /* AppDelegate.swift in Sources */ = {isa = PBXBuildFile; fileRef = 46D12D301A883420003C8E8F /* AppDelegate.swift */; };
		46D12D331A883420003C8E8F /* ViewController.swift in Sources */ = {isa = PBXBuildFile; fileRef = 46D12D321A883420003C8E8F /* ViewController.swift */; };
		46D12D361A883420003C8E8F /* Main.storyboard in Resources */ = {isa = PBXBuildFile; fileRef = 46D12D341A883420003C8E8F /* Main.storyboard */; };
		46D12D381A883420003C8E8F /* Images.xcassets in Resources */ = {isa = PBXBuildFile; fileRef = 46D12D371A883420003C8E8F /* Images.xcassets */; };
		46D12D3B1A883420003C8E8F /* LaunchScreen.xib in Resources */ = {isa = PBXBuildFile; fileRef = 46D12D391A883420003C8E8F /* LaunchScreen.xib */; };
		46D12D471A883420003C8E8F /* CalculatorTests.swift in Sources */ = {isa = PBXBuildFile; fileRef = 46D12D461A883420003C8E8F /* CalculatorTests.swift */; };
/* End PBXBuildFile section */

/* Begin PBXContainerItemProxy section */
		46D12D411A883420003C8E8F /* PBXContainerItemProxy */ = {
			isa = PBXContainerItemProxy;
			containerPortal = 46D12D231A883420003C8E8F /* Project object */;
			proxyType = 1;
			remoteGlobalIDString = 46D12D2A1A883420003C8E8F;
			remoteInfo = Calculator;
		};
/* End PBXContainerItemProxy section */

/* Begin PBXFileReference section */
		465FF6121A9F8A9F00257B3D /* CalculatorBrain.swift */ = {isa = PBXFileReference; fileEncoding = 4; lastKnownFileType = sourcecode.swift; path = CalculatorBrain.swift; sourceTree = "<group>"; };
		46D12D2B1A883420003C8E8F /* Calculator.app */ = {isa = PBXFileReference; explicitFileType = wrapper.application; includeInIndex = 0; path = Calculator.app; sourceTree = BUILT_PRODUCTS_DIR; };
		46D12D2F1A883420003C8E8F /* Info.plist */ = {isa = PBXFileReference; lastKnownFileType = text.plist.xml; path = Info.plist; sourceTree = "<group>"; };
		46D12D301A883420003C8E8F /* AppDelegate.swift */ = {isa = PBXFileReference; lastKnownFileType = sourcecode.swift; path = AppDelegate.swift; sourceTree = "<group>"; };
		46D12D321A883420003C8E8F /* ViewController.swift */ = {isa = PBXFileReference; lastKnownFileType = sourcecode.swift; path = ViewController.swift; sourceTree = "<group>"; };
		46D12D351A883420003C8E8F /* Base */ = {isa = PBXFileReference; lastKnownFileType = file.storyboard; name = Base; path = Base.lproj/Main.storyboard; sourceTree = "<group>"; };
		46D12D371A883420003C8E8F /* Images.xcassets */ = {isa = PBXFileReference; lastKnownFileType = folder.assetcatalog; path = Images.xcassets; sourceTree = "<group>"; };
		46D12D3A1A883420003C8E8F /* Base */ = {isa = PBXFileReference; lastKnownFileType = file.xib; name = Base; path = Base.lproj/LaunchScreen.xib; sourceTree = "<group>"; };
		46D12D401A883420003C8E8F /* CalculatorTests.xctest */ = {isa = PBXFileReference; explicitFileType = wrapper.cfbundle; includeInIndex = 0; path = CalculatorTests.xctest; sourceTree = BUILT_PRODUCTS_DIR; };
		46D12D451A883420003C8E8F /* Info.plist */ = {isa = PBXFileReference; lastKnownFileType = text.plist.xml; path = Info.plist; sourceTree = "<group>"; };
		46D12D461A883420003C8E8F /* CalculatorTests.swift */ = {isa = PBXFileReference; lastKnownFileType = sourcecode.swift; path = CalculatorTests.swift; sourceTree = "<group>"; };
/* End PBXFileReference section */

/* Begin PBXFrameworksBuildPhase section */
		46D12D281A883420003C8E8F /* Frameworks */ = {
			isa = PBXFrameworksBuildPhase;
			buildActionMask = 2147483647;
			files = (
			);
			runOnlyForDeploymentPostprocessing = 0;
		};
		46D12D3D1A883420003C8E8F /* Frameworks */ = {
			isa = PBXFrameworksBuildPhase;
			buildActionMask = 2147483647;
			files = (
			);
			runOnlyForDeploymentPostprocessing = 0;
		};
/* End PBXFrameworksBuildPhase section */

/* Begin PBXGroup section */
		46D12D221A883420003C8E8F = {
			isa = PBXGroup;
			children = (
				46D12D2D1A883420003C8E8F /* Calculator */,
				46D12D431A883420003C8E8F /* CalculatorTests */,
				46D12D2C1A883420003C8E8F /* Products */,
			);
			sourceTree = "<group>";
		};
		46D12D2C1A883420003C8E8F /* Products */ = {
			isa = PBXGroup;
			children = (
				46D12D2B1A883420003C8E8F /* Calculator.app */,
				46D12D401A883420003C8E8F /* CalculatorTests.xctest */,
			);
			name = Products;
			sourceTree = "<group>";
		};
		46D12D2D1A883420003C8E8F /* Calculator */ = {
			isa = PBXGroup;
			children = (
				46D12D321A883420003C8E8F /* ViewController.swift */,
				46D12D341A883420003C8E8F /* Main.storyboard */,
				465FF6121A9F8A9F00257B3D /* CalculatorBrain.swift */,
				46D12D2E1A883420003C8E8F /* Supporting Files */,
			);
			path = Calculator;
			sourceTree = "<group>";
		};
		46D12D2E1A883420003C8E8F /* Supporting Files */ = {
			isa = PBXGroup;
			children = (
				46D12D371A883420003C8E8F /* Images.xcassets */,
				46D12D391A883420003C8E8F /* LaunchScreen.xib */,
				46D12D301A883420003C8E8F /* AppDelegate.swift */,
				46D12D2F1A883420003C8E8F /* Info.plist */,
			);
			name = "Supporting Files";
			sourceTree = "<group>";
		};
		46D12D431A883420003C8E8F /* CalculatorTests */ = {
			isa = PBXGroup;
			children = (
				46D12D461A883420003C8E8F /* CalculatorTests.swift */,
				46D12D441A883420003C8E8F /* Supporting Files */,
			);
			path = CalculatorTests;
			sourceTree = "<group>";
		};
		46D12D441A883420003C8E8F /* Supporting Files */ = {
			isa = PBXGroup;
			children = (
				46D12D451A883420003C8E8F /* Info.plist */,
			);
			name = "Supporting Files";
			sourceTree = "<group>";
		};
/* End PBXGroup section */

/* Begin PBXNativeTarget section */
		46D12D2A1A883420003C8E8F /* Calculator */ = {
			isa = PBXNativeTarget;
			buildConfigurationList = 46D12D4A1A883420003C8E8F /* Build configuration list for PBXNativeTarget "Calculator" */;
			buildPhases = (
				46D12D271A883420003C8E8F /* Sources */,
				46D12D281A883420003C8E8F /* Frameworks */,
				46D12D291A883420003C8E8F /* Resources */,
			);
			buildRules = (
			);
			dependencies = (
			);
			name = Calculator;
			productName = Calculator;
			productReference = 46D12D2B1A883420003C8E8F /* Calculator.app */;
			productType = "com.apple.product-type.application";
		};
		46D12D3F1A883420003C8E8F /* CalculatorTests */ = {
			isa = PBXNativeTarget;
			buildConfigurationList = 46D12D4D1A883420003C8E8F /* Build configuration list for PBXNativeTarget "CalculatorTests" */;
			buildPhases = (
				46D12D3C1A883420003C8E8F /* Sources */,
				46D12D3D1A883420003C8E8F /* Frameworks */,
				46D12D3E1A883420003C8E8F /* Resources */,
			);
			buildRules = (
			);
			dependencies = (
				46D12D421A883420003C8E8F /* PBXTargetDependency */,
			);
			name = CalculatorTests;
			productName = CalculatorTests;
			productReference = 46D12D401A883420003C8E8F /* CalculatorTests.xctest */;
			productType = "com.apple.product-type.bundle.unit-test";
		};
/* End PBXNativeTarget section */

/* Begin PBXProject section */
		46D12D231A883420003C8E8F /* Project object */ = {
			isa = PBXProject;
			attributes = {
				LastUpgradeCheck = 0610;
				ORGANIZATIONNAME = Abhishek;
				TargetAttributes = {
					46D12D2A1A883420003C8E8F = {
						CreatedOnToolsVersion = 6.1.1;
					};
					46D12D3F1A883420003C8E8F = {
						CreatedOnToolsVersion = 6.1.1;
						TestTargetID = 46D12D2A1A883420003C8E8F;
					};
				};
			};
			buildConfigurationList = 46D12D261A883420003C8E8F /* Build configuration list for PBXProject "Calculator" */;
			compatibilityVersion = "Xcode 3.2";
			developmentRegion = English;
			hasScannedForEncodings = 0;
			knownRegions = (
				en,
				Base,
			);
			mainGroup = 46D12D221A883420003C8E8F;
			productRefGroup = 46D12D2C1A883420003C8E8F /* Products */;
			projectDirPath = "";
			projectRoot = "";
			targets = (
				46D12D2A1A883420003C8E8F /* Calculator */,
				46D12D3F1A883420003C8E8F /* CalculatorTests */,
			);
		};
/* End PBXProject section */

/* Begin PBXResourcesBuildPhase section */
		46D12D291A883420003C8E8F /* Resources */ = {
			isa = PBXResourcesBuildPhase;
			buildActionMask = 2147483647;
			files = (
				46D12D361A883420003C8E8F /* Main.storyboard in Resources */,
				46D12D3B1A883420003C8E8F /* LaunchScreen.xib in Resources */,
				46D12D381A883420003C8E8F /* Images.xcassets in Resources */,
			);
			runOnlyForDeploymentPostprocessing = 0;
		};
		46D12D3E1A883420003C8E8F /* Resources */ = {
			isa = PBXResourcesBuildPhase;
			buildActionMask = 2147483647;
			files = (
			);
			runOnlyForDeploymentPostprocessing = 0;
		};
/* End PBXResourcesBuildPhase section */

/* Begin PBXSourcesBuildPhase section */
		46D12D271A883420003C8E8F /* Sources */ = {
			isa = PBXSourcesBuildPhase;
			buildActionMask = 2147483647;
			files = (
				465FF6131A9F8A9F00257B3D /* CalculatorBrain.swift in Sources */,
				46D12D331A883420003C8E8F /* ViewController.swift in Sources */,
				46D12D311A883420003C8E8F /* AppDelegate.swift in Sources */,
			);
			runOnlyForDeploymentPostprocessing = 0;
		};
		46D12D3C1A883420003C8E8F /* Sources */ = {
			isa = PBXSourcesBuildPhase;
			buildActionMask = 2147483647;
			files = (
				46D12D471A883420003C8E8F /* CalculatorTests.swift in Sources */,
			);
			runOnlyForDeploymentPostprocessing = 0;
		};
/* End PBXSourcesBuildPhase section */

/* Begin PBXTargetDependency section */
		46D12D421A883420003C8E8F /* PBXTargetDependency */ = {
			isa = PBXTargetDependency;
			target = 46D12D2A1A883420003C8E8F /* Calculator */;
			targetProxy = 46D12D411A883420003C8E8F /* PBXContainerItemProxy */;
		};
/* End PBXTargetDependency section */

/* Begin PBXVariantGroup section */
		46D12D341A883420003C8E8F /* Main.storyboard */ = {
			isa = PBXVariantGroup;
			children = (
				46D12D351A883420003C8E8F /* Base */,
			);
			name = Main.storyboard;
			sourceTree = "<group>";
		};
		46D12D391A883420003C8E8F /* LaunchScreen.xib */ = {
			isa = PBXVariantGroup;
			children = (
				46D12D3A1A883420003C8E8F /* Base */,
			);
			name = LaunchScreen.xib;
			sourceTree = "<group>";
		};
/* End PBXVariantGroup section */

/* Begin XCBuildConfiguration section */
		46D12D481A883420003C8E8F /* Debug */ = {
			isa = XCBuildConfiguration;
			buildSettings = {
				ALWAYS_SEARCH_USER_PATHS = NO;
				CLANG_CXX_LANGUAGE_STANDARD = "gnu++0x";
				CLANG_CXX_LIBRARY = "libc++";
				CLANG_ENABLE_MODULES = YES;
				CLANG_ENABLE_OBJC_ARC = YES;
				CLANG_WARN_BOOL_CONVERSION = YES;
				CLANG_WARN_CONSTANT_CONVERSION = YES;
				CLANG_WARN_DIRECT_OBJC_ISA_USAGE = YES_ERROR;
				CLANG_WARN_EMPTY_BODY = YES;
				CLANG_WARN_ENUM_CONVERSION = YES;
				CLANG_WARN_INT_CONVERSION = YES;
				CLANG_WARN_OBJC_ROOT_CLASS = YES_ERROR;
				CLANG_WARN_UNREACHABLE_CODE = YES;
				CLANG_WARN__DUPLICATE_METHOD_MATCH = YES;
				"CODE_SIGN_IDENTITY[sdk=iphoneos*]" = "iPhone Developer";
				COPY_PHASE_STRIP = NO;
				ENABLE_STRICT_OBJC_MSGSEND = YES;
				GCC_C_LANGUAGE_STANDARD = gnu99;
				GCC_DYNAMIC_NO_PIC = NO;
				GCC_OPTIMIZATION_LEVEL = 0;
				GCC_PREPROCESSOR_DEFINITIONS = (
					"DEBUG=1",
					"$(inherited)",
				);
				GCC_SYMBOLS_PRIVATE_EXTERN = NO;
				GCC_WARN_64_TO_32_BIT_CONVERSION = YES;
				GCC_WARN_ABOUT_RETURN_TYPE = YES_ERROR;
				GCC_WARN_UNDECLARED_SELECTOR = YES;
				GCC_WARN_UNINITIALIZED_AUTOS = YES_AGGRESSIVE;
				GCC_WARN_UNUSED_FUNCTION = YES;
				GCC_WARN_UNUSED_VARIABLE = YES;
				IPHONEOS_DEPLOYMENT_TARGET = 8.1;
				MTL_ENABLE_DEBUG_INFO = YES;
				ONLY_ACTIVE_ARCH = YES;
				SDKROOT = iphoneos;
				SWIFT_OPTIMIZATION_LEVEL = "-Onone";
				TARGETED_DEVICE_FAMILY = "1,2";
			};
			name = Debug;
		};
		46D12D491A883420003C8E8F /* Release */ = {
			isa = XCBuildConfiguration;
			buildSettings = {
				ALWAYS_SEARCH_USER_PATHS = NO;
				CLANG_CXX_LANGUAGE_STANDARD = "gnu++0x";
				CLANG_CXX_LIBRARY = "libc++";
				CLANG_ENABLE_MODULES = YES;
				CLANG_ENABLE_OBJC_ARC = YES;
				CLANG_WARN_BOOL_CONVERSION = YES;
				CLANG_WARN_CONSTANT_CONVERSION = YES;
				CLANG_WARN_DIRECT_OBJC_ISA_USAGE = YES_ERROR;
				CLANG_WARN_EMPTY_BODY = YES;
				CLANG_WARN_ENUM_CONVERSION = YES;
				CLANG_WARN_INT_CONVERSION = YES;
				CLANG_WARN_OBJC_ROOT_CLASS = YES_ERROR;
				CLANG_WARN_UNREACHABLE_CODE = YES;
				CLANG_WARN__DUPLICATE_METHOD_MATCH = YES;
				"CODE_SIGN_IDENTITY[sdk=iphoneos*]" = "iPhone Developer";
				COPY_PHASE_STRIP = YES;
				ENABLE_NS_ASSERTIONS = NO;
				ENABLE_STRICT_OBJC_MSGSEND = YES;
				GCC_C_LANGUAGE_STANDARD = gnu99;
				GCC_WARN_64_TO_32_BIT_CONVERSION = YES;
				GCC_WARN_ABOUT_RETURN_TYPE = YES_ERROR;
				GCC_WARN_UNDECLARED_SELECTOR = YES;
				GCC_WARN_UNINITIALIZED_AUTOS = YES_AGGRESSIVE;
				GCC_WARN_UNUSED_FUNCTION = YES;
				GCC_WARN_UNUSED_VARIABLE = YES;
				IPHONEOS_DEPLOYMENT_TARGET = 8.1;
				MTL_ENABLE_DEBUG_INFO = NO;
				SDKROOT = iphoneos;
				TARGETED_DEVICE_FAMILY = "1,2";
				VALIDATE_PRODUCT = YES;
			};
			name = Release;
		};
		46D12D4B1A883420003C8E8F /* Debug */ = {
			isa = XCBuildConfiguration;
			buildSettings = {
				ASSETCATALOG_COMPILER_APPICON_NAME = AppIcon;
				INFOPLIST_FILE = Calculator/Info.plist;
				LD_RUNPATH_SEARCH_PATHS = "$(inherited) @executable_path/Frameworks";
				PRODUCT_NAME = "$(TARGET_NAME)";
			};
			name = Debug;
		};
		46D12D4C1A883420003C8E8F /* Release */ = {
			isa = XCBuildConfiguration;
			buildSettings = {
				ASSETCATALOG_COMPILER_APPICON_NAME = AppIcon;
				INFOPLIST_FILE = Calculator/Info.plist;
				LD_RUNPATH_SEARCH_PATHS = "$(inherited) @executable_path/Frameworks";
				PRODUCT_NAME = "$(TARGET_NAME)";
			};
			name = Release;
		};
		46D12D4E1A883420003C8E8F /* Debug */ = {
			isa = XCBuildConfiguration;
			buildSettings = {
				BUNDLE_LOADER = "$(TEST_HOST)";
				FRAMEWORK_SEARCH_PATHS = (
					"$(SDKROOT)/Developer/Library/Frameworks",
					"$(inherited)",
				);
				GCC_PREPROCESSOR_DEFINITIONS = (
					"DEBUG=1",
					"$(inherited)",
				);
				INFOPLIST_FILE = CalculatorTests/Info.plist;
				LD_RUNPATH_SEARCH_PATHS = "$(inherited) @executable_path/Frameworks @loader_path/Frameworks";
				PRODUCT_NAME = "$(TARGET_NAME)";
				TEST_HOST = "$(BUILT_PRODUCTS_DIR)/Calculator.app/Calculator";
			};
			name = Debug;
		};
		46D12D4F1A883420003C8E8F /* Release */ = {
			isa = XCBuildConfiguration;
			buildSettings = {
				BUNDLE_LOADER = "$(TEST_HOST)";
				FRAMEWORK_SEARCH_PATHS = (
					"$(SDKROOT)/Developer/Library/Frameworks",
					"$(inherited)",
				);
				INFOPLIST_FILE = CalculatorTests/Info.plist;
				LD_RUNPATH_SEARCH_PATHS = "$(inherited) @executable_path/Frameworks @loader_path/Frameworks";
				PRODUCT_NAME = "$(TARGET_NAME)";
				TEST_HOST = "$(BUILT_PRODUCTS_DIR)/Calculator.app/Calculator";
			};
			name = Release;
		};
/* End XCBuildConfiguration section */

/* Begin XCConfigurationList section */
		46D12D261A883420003C8E8F /* Build configuration list for PBXProject "Calculator" */ = {
			isa = XCConfigurationList;
			buildConfigurations = (
				46D12D481A883420003C8E8F /* Debug */,
				46D12D491A883420003C8E8F /* Release */,
			);
			defaultConfigurationIsVisible = 0;
			defaultConfigurationName = Release;
		};
		46D12D4A1A883420003C8E8F /* Build configuration list for PBXNativeTarget "Calculator" */ = {
			isa = XCConfigurationList;
			buildConfigurations = (
				46D12D4B1A883420003C8E8F /* Debug */,
				46D12D4C1A883420003C8E8F /* Release */,
			);
			defaultConfigurationIsVisible = 0;
			defaultConfigurationName = Release;
		};
		46D12D4D1A883420003C8E8F /* Build configuration list for PBXNativeTarget "CalculatorTests" */ = {
			isa = XCConfigurationList;
			buildConfigurations = (
				46D12D4E1A883420003C8E8F /* Debug */,
				46D12D4F1A883420003C8E8F /* Release */,
			);
			defaultConfigurationIsVisible = 0;
			defaultConfigurationName = Release;
		};
/* End XCConfigurationList section */
	};
	rootObject = 46D12D231A883420003C8E8F /* Project object */;
}
